{
  "object": {
    "pins": [
      {
        "package": "SwiftFoundationExtensions",
        "repositoryURL": "https://github.com/xiiagency/SwiftFoundationExtensions",
        "state": {
          "branch": null,
          "revision": "7c821dc666239bcf956d5b91a2610db61d8b5fdf",
          "version": "1.0.0"
        }
      },
      {
        "package": "SwiftUIExtensions",
        "repositoryURL": "https://github.com/xiiagency/SwiftUIExtensions",
        "state": {
          "branch": null,
          "revision": "dab6cb7823baa44285ddc9e118e139163abd843b",
          "version": "1.0.0"
        }
      }
    ]
  },
  "version": 1
}
